{
  "requires": true,
  "lockfileVersion": 1,
  "dependencies": {
    "accounting": {
      "version": "0.4.1",
      "resolved": "https://registry.npmjs.org/accounting/-/accounting-0.4.1.tgz",
      "integrity": "sha1-h91BA+/39EYPHhhvXGd+1s9WaIM="
    },
    "vue-currency-filter": {
      "version": "3.4.2",
      "resolved": "https://registry.npmjs.org/vue-currency-filter/-/vue-currency-filter-3.4.2.tgz",
      "integrity": "sha512-EALt2F32TbVXKsuEBBMnBwDod2TpobILAukmFqD2TPlHnyT9cob6IAmMBBWsDkleIRPgi79cB2lA8Ii0e5gD1A==",
      "requires": {
        "accounting": "0.4.1"
      }
    }
  }
}
